
Microsoft Visual Studio Solution File, Format Version 12.00
# Visual Studio Version 16
VisualStudioVersion = 16.0.31624.102
MinimumVisualStudioVersion = 10.0.40219.1
Project("{FAE04EC0-301F-11D3-BF4B-00C04F79EFBC}") = "المشروع", "المشروع\المشروع.csproj", "{A42AB46C-F3A1-41BA-BB88-18F0CAC226B9}"
EndProject
Global
	GlobalSection(SolutionConfigurationPlatforms) = preSolution
		Debug|Any CPU = Debug|Any CPU
		Release|Any CPU = Release|Any CPU
	EndGlobalSection
	GlobalSection(ProjectConfigurationPlatforms) = postSolution
		{A42AB46C-F3A1-41BA-BB88-18F0CAC226B9}.Debug|Any CPU.ActiveCfg = Debug|Any CPU
		{A42AB46C-F3A1-41BA-BB88-18F0CAC226B9}.Debug|Any CPU.Build.0 = Debug|Any CPU
		{A42AB46C-F3A1-41BA-BB88-18F0CAC226B9}.Release|Any CPU.ActiveCfg = Release|Any CPU
		{A42AB46C-F3A1-41BA-BB88-18F0CAC226B9}.Release|Any CPU.Build.0 = Release|Any CPU
	EndGlobalSection
	GlobalSection(SolutionProperties) = preSolution
		HideSolutionNode = FALSE
	EndGlobalSection
	GlobalSection(ExtensibilityGlobals) = postSolution
		SolutionGuid = {4173BDEF-6401-4564-8A47-2C303AE7CA03}
	EndGlobalSection
EndGlobal
